
Microsoft Visual Studio Solution File, Format Version 12.00
# Visual Studio 15
VisualStudioVersion = 15.0.27428.2015
MinimumVisualStudioVersion = 10.0.40219.1
Project("{FAE04EC0-301F-11D3-BF4B-00C04F79EFBC}") = "TalentTreeTraversal", "TalentTreeTraversal\TalentTreeTraversal.csproj", "{AD427166-29B2-4308-A125-B87F66715E2D}"
EndProject
Global
	GlobalSection(SolutionConfigurationPlatforms) = preSolution
		Debug|Any CPU = Debug|Any CPU
		Release|Any CPU = Release|Any CPU
	EndGlobalSection
	GlobalSection(ProjectConfigurationPlatforms) = postSolution
		{AD427166-29B2-4308-A125-B87F66715E2D}.Debug|Any CPU.ActiveCfg = Debug|Any CPU
		{AD427166-29B2-4308-A125-B87F66715E2D}.Debug|Any CPU.Build.0 = Debug|Any CPU
		{AD427166-29B2-4308-A125-B87F66715E2D}.Release|Any CPU.ActiveCfg = Release|Any CPU
		{AD427166-29B2-4308-A125-B87F66715E2D}.Release|Any CPU.Build.0 = Release|Any CPU
	EndGlobalSection
	GlobalSection(SolutionProperties) = preSolution
		HideSolutionNode = FALSE
	EndGlobalSection
	GlobalSection(ExtensibilityGlobals) = postSolution
		SolutionGuid = {C24387E0-5D01-4F4C-9556-AD21914432E8}
	EndGlobalSection
EndGlobal
